# This file is automatically @generated by Poetry 1.7.0 and should not be changed by hand.

[[package]]
name = "mind-the-gaps"
version = "0.2.2"
description = "A library for unions, intersections, subtractions, and xors of intervals (gaps)."
optional = false
python-versions = ">=3.12"
files = [
    {file = "mind_the_gaps-0.2.2-py3-none-any.whl", hash = "sha256:8e8a22e5ef9edd458507a7e66a4a7b38c645e52ebb92b5363d31ac1373fc7887"},
    {file = "mind_the_gaps-0.2.2.tar.gz", hash = "sha256:34c08a7015883e751e553cfbbdcecd213fe5af5062a01369de041d9e77378f3d"},
]

[metadata]
lock-version = "2.0"
python-versions = ">=3.12,<4.0"
content-hash = "29ba21a5e0208638a177612cdf603107d550fdf25489e17edbe5131f35380901"
